
Microsoft Visual Studio Solution File, Format Version 12.00
# Visual Studio 15
VisualStudioVersion = 15.0.27428.2037
MinimumVisualStudioVersion = 10.0.40219.1
Project("{FAE04EC0-301F-11D3-BF4B-00C04F79EFBC}") = "ThanosProject", "ThanosProject\ThanosProject.csproj", "{5478602F-AED2-4202-AA51-FC8737DFA518}"
EndProject
Global
	GlobalSection(SolutionConfigurationPlatforms) = preSolution
		Debug|Any CPU = Debug|Any CPU
		Release|Any CPU = Release|Any CPU
	EndGlobalSection
	GlobalSection(ProjectConfigurationPlatforms) = postSolution
		{5478602F-AED2-4202-AA51-FC8737DFA518}.Debug|Any CPU.ActiveCfg = Debug|Any CPU
		{5478602F-AED2-4202-AA51-FC8737DFA518}.Debug|Any CPU.Build.0 = Debug|Any CPU
		{5478602F-AED2-4202-AA51-FC8737DFA518}.Release|Any CPU.ActiveCfg = Release|Any CPU
		{5478602F-AED2-4202-AA51-FC8737DFA518}.Release|Any CPU.Build.0 = Release|Any CPU
	EndGlobalSection
	GlobalSection(SolutionProperties) = preSolution
		HideSolutionNode = FALSE
	EndGlobalSection
	GlobalSection(ExtensibilityGlobals) = postSolution
		SolutionGuid = {66E47C48-23B6-447E-A1A3-32EE0EA70DBD}
	EndGlobalSection
EndGlobal
